
Microsoft Visual Studio Solution File, Format Version 12.00
# Visual Studio Version 17
VisualStudioVersion = 17.11.35222.181
MinimumVisualStudioVersion = 10.0.40219.1
Project("{9A19103F-16F7-4668-BE54-9A1E7A4F7556}") = "Concesionaria.Server", "Concesionaria.Server\Concesionaria.Server.csproj", "{B36ED226-D3E4-4A5A-8DE2-2DE49D4C7C0E}"
EndProject
Project("{FAE04EC0-301F-11D3-BF4B-00C04F79EFBC}") = "Concesionaria.DB", "Concesionaria.DB\Concesionaria.DB.csproj", "{84369B2F-ACC6-48B5-853E-F1DDF7B054AD}"
EndProject
Global
	GlobalSection(SolutionConfigurationPlatforms) = preSolution
		Debug|Any CPU = Debug|Any CPU
		Release|Any CPU = Release|Any CPU
	EndGlobalSection
	GlobalSection(ProjectConfigurationPlatforms) = postSolution
		{B36ED226-D3E4-4A5A-8DE2-2DE49D4C7C0E}.Debug|Any CPU.ActiveCfg = Debug|Any CPU
		{B36ED226-D3E4-4A5A-8DE2-2DE49D4C7C0E}.Debug|Any CPU.Build.0 = Debug|Any CPU
		{B36ED226-D3E4-4A5A-8DE2-2DE49D4C7C0E}.Release|Any CPU.ActiveCfg = Release|Any CPU
		{B36ED226-D3E4-4A5A-8DE2-2DE49D4C7C0E}.Release|Any CPU.Build.0 = Release|Any CPU
		{84369B2F-ACC6-48B5-853E-F1DDF7B054AD}.Debug|Any CPU.ActiveCfg = Debug|Any CPU
		{84369B2F-ACC6-48B5-853E-F1DDF7B054AD}.Debug|Any CPU.Build.0 = Debug|Any CPU
		{84369B2F-ACC6-48B5-853E-F1DDF7B054AD}.Release|Any CPU.ActiveCfg = Release|Any CPU
		{84369B2F-ACC6-48B5-853E-F1DDF7B054AD}.Release|Any CPU.Build.0 = Release|Any CPU
	EndGlobalSection
	GlobalSection(SolutionProperties) = preSolution
		HideSolutionNode = FALSE
	EndGlobalSection
	GlobalSection(ExtensibilityGlobals) = postSolution
		SolutionGuid = {1196DD44-4C53-49E3-A92B-5B01A6F97A1C}
	EndGlobalSection
EndGlobal
